// !$*UTF8*$!
{
	archiveVersion = 1;
	classes = {
	};
	objectVersion = 46;
	objects = {

/* Begin PBXBuildFile section */
		1F93B5301D64DBEE00688FC6 /* ecg.c in Sources */ = {isa = PBXBuildFile; fileRef = 1F93B5241D64DBEE00688FC6 /* ecg.c */; };
		1F93B5311D64DBEE00688FC6 /* emg.c in Sources */ = {isa = PBXBuildFile; fileRef = 1F93B5261D64DBEE00688FC6 /* emg.c */; };
		1F93B5321D64DBEE00688FC6 /* exponential_moving_average.c in Sources */ = {isa = PBXBuildFile; fileRef = 1F93B5281D64DBEE00688FC6 /* exponential_moving_average.c */; };
		1F93B5331D64DBEE00688FC6 /* moving_average.c in Sources */ = {isa = PBXBuildFile; fileRef = 1F93B52A1D64DBEE00688FC6 /* moving_average.c */; };
		1F93B5341D64DBEE00688FC6 /* peak_to_peak.c in Sources */ = {isa = PBXBuildFile; fileRef = 1F93B52C1D64DBEE00688FC6 /* peak_to_peak.c */; };
		1F93B5351D64DBEE00688FC6 /* queue.c in Sources */ = {isa = PBXBuildFile; fileRef = 1F93B52E1D64DBEE00688FC6 /* queue.c */; };
/* End PBXBuildFile section */

/* Begin PBXCopyFilesBuildPhase section */
		1F93B5181D64DAFF00688FC6 /* CopyFiles */ = {
			isa = PBXCopyFilesBuildPhase;
			buildActionMask = 2147483647;
			dstPath = /usr/share/man/man1/;
			dstSubfolderSpec = 0;
			files = (
			);
			runOnlyForDeploymentPostprocessing = 1;
		};
/* End PBXCopyFilesBuildPhase section */

/* Begin PBXFileReference section */
		1F93B51A1D64DAFF00688FC6 /* ATLAS-DSP */ = {isa = PBXFileReference; explicitFileType = "compiled.mach-o.executable"; includeInIndex = 0; path = "ATLAS-DSP"; sourceTree = BUILT_PRODUCTS_DIR; };
		1F93B5241D64DBEE00688FC6 /* ecg.c */ = {isa = PBXFileReference; fileEncoding = 4; lastKnownFileType = sourcecode.c.c; name = ecg.c; path = ../ecg.c; sourceTree = "<group>"; };
		1F93B5251D64DBEE00688FC6 /* ecg.h */ = {isa = PBXFileReference; fileEncoding = 4; lastKnownFileType = sourcecode.c.h; name = ecg.h; path = ../ecg.h; sourceTree = "<group>"; };
		1F93B5261D64DBEE00688FC6 /* emg.c */ = {isa = PBXFileReference; fileEncoding = 4; lastKnownFileType = sourcecode.c.c; name = emg.c; path = ../emg.c; sourceTree = "<group>"; };
		1F93B5271D64DBEE00688FC6 /* emg.h */ = {isa = PBXFileReference; fileEncoding = 4; lastKnownFileType = sourcecode.c.h; name = emg.h; path = ../emg.h; sourceTree = "<group>"; };
		1F93B5281D64DBEE00688FC6 /* exponential_moving_average.c */ = {isa = PBXFileReference; fileEncoding = 4; lastKnownFileType = sourcecode.c.c; name = exponential_moving_average.c; path = ../exponential_moving_average.c; sourceTree = "<group>"; };
		1F93B5291D64DBEE00688FC6 /* exponential_moving_average.h */ = {isa = PBXFileReference; fileEncoding = 4; lastKnownFileType = sourcecode.c.h; name = exponential_moving_average.h; path = ../exponential_moving_average.h; sourceTree = "<group>"; };
		1F93B52A1D64DBEE00688FC6 /* moving_average.c */ = {isa = PBXFileReference; fileEncoding = 4; lastKnownFileType = sourcecode.c.c; name = moving_average.c; path = ../moving_average.c; sourceTree = "<group>"; };
		1F93B52B1D64DBEE00688FC6 /* moving_average.h */ = {isa = PBXFileReference; fileEncoding = 4; lastKnownFileType = sourcecode.c.h; name = moving_average.h; path = ../moving_average.h; sourceTree = "<group>"; };
		1F93B52C1D64DBEE00688FC6 /* peak_to_peak.c */ = {isa = PBXFileReference; fileEncoding = 4; lastKnownFileType = sourcecode.c.c; name = peak_to_peak.c; path = ../peak_to_peak.c; sourceTree = "<group>"; };
		1F93B52D1D64DBEE00688FC6 /* peak_to_peak.h */ = {isa = PBXFileReference; fileEncoding = 4; lastKnownFileType = sourcecode.c.h; name = peak_to_peak.h; path = ../peak_to_peak.h; sourceTree = "<group>"; };
		1F93B52E1D64DBEE00688FC6 /* queue.c */ = {isa = PBXFileReference; fileEncoding = 4; lastKnownFileType = sourcecode.c.c; name = queue.c; path = ../queue.c; sourceTree = "<group>"; };
		1F93B52F1D64DBEE00688FC6 /* queue.h */ = {isa = PBXFileReference; fileEncoding = 4; lastKnownFileType = sourcecode.c.h; name = queue.h; path = ../queue.h; sourceTree = "<group>"; };
/* End PBXFileReference section */

/* Begin PBXFrameworksBuildPhase section */
		1F93B5171D64DAFF00688FC6 /* Frameworks */ = {
			isa = PBXFrameworksBuildPhase;
			buildActionMask = 2147483647;
			files = (
			);
			runOnlyForDeploymentPostprocessing = 0;
		};
/* End PBXFrameworksBuildPhase section */

/* Begin PBXGroup section */
		1F93B5111D64DAFF00688FC6 = {
			isa = PBXGroup;
			children = (
				1F93B5241D64DBEE00688FC6 /* ecg.c */,
				1F93B5251D64DBEE00688FC6 /* ecg.h */,
				1F93B5261D64DBEE00688FC6 /* emg.c */,
				1F93B5271D64DBEE00688FC6 /* emg.h */,
				1F93B5281D64DBEE00688FC6 /* exponential_moving_average.c */,
				1F93B5291D64DBEE00688FC6 /* exponential_moving_average.h */,
				1F93B52A1D64DBEE00688FC6 /* moving_average.c */,
				1F93B52B1D64DBEE00688FC6 /* moving_average.h */,
				1F93B52C1D64DBEE00688FC6 /* peak_to_peak.c */,
				1F93B52D1D64DBEE00688FC6 /* peak_to_peak.h */,
				1F93B52E1D64DBEE00688FC6 /* queue.c */,
				1F93B52F1D64DBEE00688FC6 /* queue.h */,
				1F93B51C1D64DAFF00688FC6 /* ATLAS-DSP */,
				1F93B51B1D64DAFF00688FC6 /* Products */,
			);
			sourceTree = "<group>";
		};
		1F93B51B1D64DAFF00688FC6 /* Products */ = {
			isa = PBXGroup;
			children = (
				1F93B51A1D64DAFF00688FC6 /* ATLAS-DSP */,
			);
			name = Products;
			sourceTree = "<group>";
		};
		1F93B51C1D64DAFF00688FC6 /* ATLAS-DSP */ = {
			isa = PBXGroup;
			children = (
			);
			path = "ATLAS-DSP";
			sourceTree = "<group>";
		};
/* End PBXGroup section */

/* Begin PBXNativeTarget section */
		1F93B5191D64DAFF00688FC6 /* ATLAS-DSP */ = {
			isa = PBXNativeTarget;
			buildConfigurationList = 1F93B5211D64DAFF00688FC6 /* Build configuration list for PBXNativeTarget "ATLAS-DSP" */;
			buildPhases = (
				1F93B5161D64DAFF00688FC6 /* Sources */,
				1F93B5171D64DAFF00688FC6 /* Frameworks */,
				1F93B5181D64DAFF00688FC6 /* CopyFiles */,
			);
			buildRules = (
			);
			dependencies = (
			);
			name = "ATLAS-DSP";
			productName = "ATLAS-DSP";
			productReference = 1F93B51A1D64DAFF00688FC6 /* ATLAS-DSP */;
			productType = "com.apple.product-type.tool";
		};
/* End PBXNativeTarget section */

/* Begin PBXProject section */
		1F93B5121D64DAFF00688FC6 /* Project object */ = {
			isa = PBXProject;
			attributes = {
				LastUpgradeCheck = 0730;
				ORGANIZATIONNAME = "Jeremy Malloch";
				TargetAttributes = {
					1F93B5191D64DAFF00688FC6 = {
						CreatedOnToolsVersion = 7.3;
					};
				};
			};
			buildConfigurationList = 1F93B5151D64DAFF00688FC6 /* Build configuration list for PBXProject "ATLAS-DSP" */;
			compatibilityVersion = "Xcode 3.2";
			developmentRegion = English;
			hasScannedForEncodings = 0;
			knownRegions = (
				en,
			);
			mainGroup = 1F93B5111D64DAFF00688FC6;
			productRefGroup = 1F93B51B1D64DAFF00688FC6 /* Products */;
			projectDirPath = "";
			projectRoot = "";
			targets = (
				1F93B5191D64DAFF00688FC6 /* ATLAS-DSP */,
			);
		};
/* End PBXProject section */

/* Begin PBXSourcesBuildPhase section */
		1F93B5161D64DAFF00688FC6 /* Sources */ = {
			isa = PBXSourcesBuildPhase;
			buildActionMask = 2147483647;
			files = (
				1F93B5311D64DBEE00688FC6 /* emg.c in Sources */,
				1F93B5321D64DBEE00688FC6 /* exponential_moving_average.c in Sources */,
				1F93B5341D64DBEE00688FC6 /* peak_to_peak.c in Sources */,
				1F93B5351D64DBEE00688FC6 /* queue.c in Sources */,
				1F93B5331D64DBEE00688FC6 /* moving_average.c in Sources */,
				1F93B5301D64DBEE00688FC6 /* ecg.c in Sources */,
			);
			runOnlyForDeploymentPostprocessing = 0;
		};
/* End PBXSourcesBuildPhase section */

/* Begin XCBuildConfiguration section */
		1F93B51F1D64DAFF00688FC6 /* Debug */ = {
			isa = XCBuildConfiguration;
			buildSettings = {
				ALWAYS_SEARCH_USER_PATHS = NO;
				CLANG_ANALYZER_NONNULL = YES;
				CLANG_CXX_LANGUAGE_STANDARD = "gnu++0x";
				CLANG_CXX_LIBRARY = "libc++";
				CLANG_ENABLE_MODULES = YES;
				CLANG_ENABLE_OBJC_ARC = YES;
				CLANG_WARN_BOOL_CONVERSION = YES;
				CLANG_WARN_CONSTANT_CONVERSION = YES;
				CLANG_WARN_DIRECT_OBJC_ISA_USAGE = YES_ERROR;
				CLANG_WARN_EMPTY_BODY = YES;
				CLANG_WARN_ENUM_CONVERSION = YES;
				CLANG_WARN_INT_CONVERSION = YES;
				CLANG_WARN_OBJC_ROOT_CLASS = YES_ERROR;
				CLANG_WARN_UNREACHABLE_CODE = YES;
				CLANG_WARN__DUPLICATE_METHOD_MATCH = YES;
				CODE_SIGN_IDENTITY = "-";
				COPY_PHASE_STRIP = NO;
				DEBUG_INFORMATION_FORMAT = dwarf;
				ENABLE_STRICT_OBJC_MSGSEND = YES;
				ENABLE_TESTABILITY = YES;
				GCC_C_LANGUAGE_STANDARD = gnu99;
				GCC_DYNAMIC_NO_PIC = NO;
				GCC_NO_COMMON_BLOCKS = YES;
				GCC_OPTIMIZATION_LEVEL = 0;
				GCC_PREPROCESSOR_DEFINITIONS = (
					"DEBUG=1",
					"$(inherited)",
				);
				GCC_WARN_64_TO_32_BIT_CONVERSION = YES;
				GCC_WARN_ABOUT_RETURN_TYPE = YES_ERROR;
				GCC_WARN_UNDECLARED_SELECTOR = YES;
				GCC_WARN_UNINITIALIZED_AUTOS = YES_AGGRESSIVE;
				GCC_WARN_UNUSED_FUNCTION = YES;
				GCC_WARN_UNUSED_VARIABLE = YES;
				MACOSX_DEPLOYMENT_TARGET = 10.11;
				MTL_ENABLE_DEBUG_INFO = YES;
				ONLY_ACTIVE_ARCH = YES;
				SDKROOT = macosx;
			};
			name = Debug;
		};
		1F93B5201D64DAFF00688FC6 /* Release */ = {
			isa = XCBuildConfiguration;
			buildSettings = {
				ALWAYS_SEARCH_USER_PATHS = NO;
				CLANG_ANALYZER_NONNULL = YES;
				CLANG_CXX_LANGUAGE_STANDARD = "gnu++0x";
				CLANG_CXX_LIBRARY = "libc++";
				CLANG_ENABLE_MODULES = YES;
				CLANG_ENABLE_OBJC_ARC = YES;
				CLANG_WARN_BOOL_CONVERSION = YES;
				CLANG_WARN_CONSTANT_CONVERSION = YES;
				CLANG_WARN_DIRECT_OBJC_ISA_USAGE = YES_ERROR;
				CLANG_WARN_EMPTY_BODY = YES;
				CLANG_WARN_ENUM_CONVERSION = YES;
				CLANG_WARN_INT_CONVERSION = YES;
				CLANG_WARN_OBJC_ROOT_CLASS = YES_ERROR;
				CLANG_WARN_UNREACHABLE_CODE = YES;
				CLANG_WARN__DUPLICATE_METHOD_MATCH = YES;
				CODE_SIGN_IDENTITY = "-";
				COPY_PHASE_STRIP = NO;
				DEBUG_INFORMATION_FORMAT = "dwarf-with-dsym";
				ENABLE_NS_ASSERTIONS = NO;
				ENABLE_STRICT_OBJC_MSGSEND = YES;
				GCC_C_LANGUAGE_STANDARD = gnu99;
				GCC_NO_COMMON_BLOCKS = YES;
				GCC_WARN_64_TO_32_BIT_CONVERSION = YES;
				GCC_WARN_ABOUT_RETURN_TYPE = YES_ERROR;
				GCC_WARN_UNDECLARED_SELECTOR = YES;
				GCC_WARN_UNINITIALIZED_AUTOS = YES_AGGRESSIVE;
				GCC_WARN_UNUSED_FUNCTION = YES;
				GCC_WARN_UNUSED_VARIABLE = YES;
				MACOSX_DEPLOYMENT_TARGET = 10.11;
				MTL_ENABLE_DEBUG_INFO = NO;
				SDKROOT = macosx;
			};
			name = Release;
		};
		1F93B5221D64DAFF00688FC6 /* Debug */ = {
			isa = XCBuildConfiguration;
			buildSettings = {
				PRODUCT_NAME = "$(TARGET_NAME)";
			};
			name = Debug;
		};
		1F93B5231D64DAFF00688FC6 /* Release */ = {
			isa = XCBuildConfiguration;
			buildSettings = {
				PRODUCT_NAME = "$(TARGET_NAME)";
			};
			name = Release;
		};
/* End XCBuildConfiguration section */

/* Begin XCConfigurationList section */
		1F93B5151D64DAFF00688FC6 /* Build configuration list for PBXProject "ATLAS-DSP" */ = {
			isa = XCConfigurationList;
			buildConfigurations = (
				1F93B51F1D64DAFF00688FC6 /* Debug */,
				1F93B5201D64DAFF00688FC6 /* Release */,
			);
			defaultConfigurationIsVisible = 0;
			defaultConfigurationName = Release;
		};
		1F93B5211D64DAFF00688FC6 /* Build configuration list for PBXNativeTarget "ATLAS-DSP" */ = {
			isa = XCConfigurationList;
			buildConfigurations = (
				1F93B5221D64DAFF00688FC6 /* Debug */,
				1F93B5231D64DAFF00688FC6 /* Release */,
			);
			defaultConfigurationIsVisible = 0;
		};
/* End XCConfigurationList section */
	};
	rootObject = 1F93B5121D64DAFF00688FC6 /* Project object */;
}
